lockfileVersion: "9.0"

settings:
  autoInstallPeers: true
  excludeLinksFromLockfile: false

importers:
  .:
    dependencies:
      chokidar:
        specifier: ^4.0.3
        version: 4.0.3
      commander:
        specifier: ^13.1.0
        version: 13.1.0
      globby:
        specifier: ^14.1.0
        version: 14.1.0
      lightningcss:
        specifier: ^1.29.3
        version: 1.29.3
      ora:
        specifier: ^8.2.0
        version: 8.2.0
      purgecss:
        specifier: ^7.0.2
        version: 7.0.2
      sass-embedded:
        specifier: ^1.85.1
        version: 1.85.1
    devDependencies:
      "@ianvs/prettier-plugin-sort-imports":
        specifier: ^4.5.1
        version: 4.5.1(prettier@3.6.2)
      "@types/node":
        specifier: ^22.13.10
        version: 22.13.10
      sass:
        specifier: ^1.85.1
        version: 1.85.1
      typescript:
        specifier: ^5.8.2
        version: 5.8.2

packages:
  "@babel/code-frame@7.27.1":
    resolution:
      {
        integrity: sha512-cjQ7ZlQ0Mv3b47hABuTevyTuYN4i+loJKGeV9flcCgIK37cCXRh+L1bd3iBHlynerhQ7BhCkn2BPbQUL+rGqFg==,
      }
    engines: { node: ">=6.9.0" }

  "@babel/generator@7.28.0":
    resolution:
      {
        integrity: sha512-lJjzvrbEeWrhB4P3QBsH7tey117PjLZnDbLiQEKjQ/fNJTjuq4HSqgFA+UNSwZT8D7dxxbnuSBMsa1lrWzKlQg==,
      }
    engines: { node: ">=6.9.0" }

  "@babel/helper-globals@7.28.0":
    resolution:
      {
        integrity: sha512-+W6cISkXFa1jXsDEdYA8HeevQT/FULhxzR99pxphltZcVaugps53THCeiWA8SguxxpSp3gKPiuYfSWopkLQ4hw==,
      }
    engines: { node: ">=6.9.0" }

  "@babel/helper-string-parser@7.27.1":
    resolution:
      {
        integrity: sha512-qMlSxKbpRlAridDExk92nSobyDdpPijUq2DW6oDnUqd0iOGxmQjyqhMIihI9+zv4LPyZdRje2cavWPbCbWm3eA==,
      }
    engines: { node: ">=6.9.0" }

  "@babel/helper-validator-identifier@7.27.1":
    resolution:
      {
        integrity: sha512-D2hP9eA+Sqx1kBZgzxZh0y1trbuU+JoDkiEwqhQ36nodYqJwyEIhPSdMNd7lOm/4io72luTPWH20Yda0xOuUow==,
      }
    engines: { node: ">=6.9.0" }

  "@babel/parser@7.28.0":
    resolution:
      {
        integrity: sha512-jVZGvOxOuNSsuQuLRTh13nU0AogFlw32w/MT+LV6D3sP5WdbW61E77RnkbaO2dUvmPAYrBDJXGn5gGS6tH4j8g==,
      }
    engines: { node: ">=6.0.0" }
    hasBin: true

  "@babel/template@7.27.2":
    resolution:
      {
        integrity: sha512-LPDZ85aEJyYSd18/DkjNh4/y1ntkE5KwUHWTiqgRxruuZL2F1yuHligVHLvcHY2vMHXttKFpJn6LwfI7cw7ODw==,
      }
    engines: { node: ">=6.9.0" }

  "@babel/traverse@7.28.0":
    resolution:
      {
        integrity: sha512-mGe7UK5wWyh0bKRfupsUchrQGqvDbZDbKJw+kcRGSmdHVYrv+ltd0pnpDTVpiTqnaBru9iEvA8pz8W46v0Amwg==,
      }
    engines: { node: ">=6.9.0" }

  "@babel/types@7.28.1":
    resolution:
      {
        integrity: sha512-x0LvFTekgSX+83TI28Y9wYPUfzrnl2aT5+5QLnO6v7mSJYtEEevuDRN0F0uSHRk1G1IWZC43o00Y0xDDrpBGPQ==,
      }
    engines: { node: ">=6.9.0" }

  "@bufbuild/protobuf@2.2.3":
    resolution:
      {
        integrity: sha512-tFQoXHJdkEOSwj5tRIZSPNUuXK3RaR7T1nUrPgbYX1pUbvqqaaZAsfo+NXBPsz5rZMSKVFrgK1WL8Q/MSLvprg==,
      }

  "@ianvs/prettier-plugin-sort-imports@4.5.1":
    resolution:
      {
        integrity: sha512-vOQwIyQHnHz0ikvHEQDzwUkNfX74o/7qNEpm9LiPtyBvCg/AU/DOkhwe1o92chPS1QzS6G7HeiO+OwIt8a358A==,
      }
    peerDependencies:
      "@prettier/plugin-oxc": ^0.0.4
      "@vue/compiler-sfc": 2.7.x || 3.x
      prettier: 2 || 3 || ^4.0.0-0
    peerDependenciesMeta:
      "@prettier/plugin-oxc":
        optional: true
      "@vue/compiler-sfc":
        optional: true

  "@isaacs/cliui@8.0.2":
    resolution:
      {
        integrity: sha512-O8jcjabXaleOG9DQ0+ARXWZBTfnP4WNAqzuiJK7ll44AmxGKv/J2M4TPjxjY3znBCfvBXFzucm1twdyFybFqEA==,
      }
    engines: { node: ">=12" }

  "@jridgewell/gen-mapping@0.3.12":
    resolution:
      {
        integrity: sha512-OuLGC46TjB5BbN1dH8JULVVZY4WTdkF7tV9Ys6wLL1rubZnCMstOhNHueU5bLCrnRuDhKPDM4g6sw4Bel5Gzqg==,
      }

  "@jridgewell/resolve-uri@3.1.2":
    resolution:
      {
        integrity: sha512-bRISgCIjP20/tbWSPWMEi54QVPRZExkuD9lJL+UIxUKtwVJA8wW1Trb1jMs1RFXo1CBTNZ/5hpC9QvmKWdopKw==,
      }
    engines: { node: ">=6.0.0" }

  "@jridgewell/sourcemap-codec@1.5.4":
    resolution:
      {
        integrity: sha512-VT2+G1VQs/9oz078bLrYbecdZKs912zQlkelYpuf+SXF+QvZDYJlbx/LSx+meSAwdDFnF8FVXW92AVjjkVmgFw==,
      }

  "@jridgewell/trace-mapping@0.3.29":
    resolution:
      {
        integrity: sha512-uw6guiW/gcAGPDhLmd77/6lW8QLeiV5RUTsAX46Db6oLhGaVj4lhnPwb184s1bkc8kdVg/+h988dro8GRDpmYQ==,
      }

  "@nodelib/fs.scandir@2.1.5":
    resolution:
      {
        integrity: sha512-vq24Bq3ym5HEQm2NKCr3yXDwjc7vTsEThRDnkp2DK9p1uqLR+DHurm/NOTo0KG7HYHU7eppKZj3MyqYuMBf62g==,
      }
    engines: { node: ">= 8" }

  "@nodelib/fs.stat@2.0.5":
    resolution:
      {
        integrity: sha512-RkhPPp2zrqDAQA/2jNhnztcPAlv64XdhIp7a7454A5ovI7Bukxgt7MX7udwAu3zg1DcpPU0rz3VV1SeaqvY4+A==,
      }
    engines: { node: ">= 8" }

  "@nodelib/fs.walk@1.2.8":
    resolution:
      {
        integrity: sha512-oGB+UxlgWcgQkgwo8GcEGwemoTFt3FIO9ababBmaGwXIoBKZ+GTy0pP185beGg7Llih/NSHSV2XAs1lnznocSg==,
      }
    engines: { node: ">= 8" }

  "@parcel/watcher-android-arm64@2.5.1":
    resolution:
      {
        integrity: sha512-KF8+j9nNbUN8vzOFDpRMsaKBHZ/mcjEjMToVMJOhTozkDonQFFrRcfdLWn6yWKCmJKmdVxSgHiYvTCef4/qcBA==,
      }
    engines: { node: ">= 10.0.0" }
    cpu: [arm64]
    os: [android]

  "@parcel/watcher-darwin-arm64@2.5.1":
    resolution:
      {
        integrity: sha512-eAzPv5osDmZyBhou8PoF4i6RQXAfeKL9tjb3QzYuccXFMQU0ruIc/POh30ePnaOyD1UXdlKguHBmsTs53tVoPw==,
      }
    engines: { node: ">= 10.0.0" }
    cpu: [arm64]
    os: [darwin]

  "@parcel/watcher-darwin-x64@2.5.1":
    resolution:
      {
        integrity: sha512-1ZXDthrnNmwv10A0/3AJNZ9JGlzrF82i3gNQcWOzd7nJ8aj+ILyW1MTxVk35Db0u91oD5Nlk9MBiujMlwmeXZg==,
      }
    engines: { node: ">= 10.0.0" }
    cpu: [x64]
    os: [darwin]

  "@parcel/watcher-freebsd-x64@2.5.1":
    resolution:
      {
        integrity: sha512-SI4eljM7Flp9yPuKi8W0ird8TI/JK6CSxju3NojVI6BjHsTyK7zxA9urjVjEKJ5MBYC+bLmMcbAWlZ+rFkLpJQ==,
      }
    engines: { node: ">= 10.0.0" }
    cpu: [x64]
    os: [freebsd]

  "@parcel/watcher-linux-arm-glibc@2.5.1":
    resolution:
      {
        integrity: sha512-RCdZlEyTs8geyBkkcnPWvtXLY44BCeZKmGYRtSgtwwnHR4dxfHRG3gR99XdMEdQ7KeiDdasJwwvNSF5jKtDwdA==,
      }
    engines: { node: ">= 10.0.0" }
    cpu: [arm]
    os: [linux]

  "@parcel/watcher-linux-arm-musl@2.5.1":
    resolution:
      {
        integrity: sha512-6E+m/Mm1t1yhB8X412stiKFG3XykmgdIOqhjWj+VL8oHkKABfu/gjFj8DvLrYVHSBNC+/u5PeNrujiSQ1zwd1Q==,
      }
    engines: { node: ">= 10.0.0" }
    cpu: [arm]
    os: [linux]

  "@parcel/watcher-linux-arm64-glibc@2.5.1":
    resolution:
      {
        integrity: sha512-LrGp+f02yU3BN9A+DGuY3v3bmnFUggAITBGriZHUREfNEzZh/GO06FF5u2kx8x+GBEUYfyTGamol4j3m9ANe8w==,
      }
    engines: { node: ">= 10.0.0" }
    cpu: [arm64]
    os: [linux]

  "@parcel/watcher-linux-arm64-musl@2.5.1":
    resolution:
      {
        integrity: sha512-cFOjABi92pMYRXS7AcQv9/M1YuKRw8SZniCDw0ssQb/noPkRzA+HBDkwmyOJYp5wXcsTrhxO0zq1U11cK9jsFg==,
      }
    engines: { node: ">= 10.0.0" }
    cpu: [arm64]
    os: [linux]

  "@parcel/watcher-linux-x64-glibc@2.5.1":
    resolution:
      {
        integrity: sha512-GcESn8NZySmfwlTsIur+49yDqSny2IhPeZfXunQi48DMugKeZ7uy1FX83pO0X22sHntJ4Ub+9k34XQCX+oHt2A==,
      }
    engines: { node: ">= 10.0.0" }
    cpu: [x64]
    os: [linux]

  "@parcel/watcher-linux-x64-musl@2.5.1":
    resolution:
      {
        integrity: sha512-n0E2EQbatQ3bXhcH2D1XIAANAcTZkQICBPVaxMeaCVBtOpBZpWJuf7LwyWPSBDITb7In8mqQgJ7gH8CILCURXg==,
      }
    engines: { node: ">= 10.0.0" }
    cpu: [x64]
    os: [linux]

  "@parcel/watcher-win32-arm64@2.5.1":
    resolution:
      {
        integrity: sha512-RFzklRvmc3PkjKjry3hLF9wD7ppR4AKcWNzH7kXR7GUe0Igb3Nz8fyPwtZCSquGrhU5HhUNDr/mKBqj7tqA2Vw==,
      }
    engines: { node: ">= 10.0.0" }
    cpu: [arm64]
    os: [win32]

  "@parcel/watcher-win32-ia32@2.5.1":
    resolution:
      {
        integrity: sha512-c2KkcVN+NJmuA7CGlaGD1qJh1cLfDnQsHjE89E60vUEMlqduHGCdCLJCID5geFVM0dOtA3ZiIO8BoEQmzQVfpQ==,
      }
    engines: { node: ">= 10.0.0" }
    cpu: [ia32]
    os: [win32]

  "@parcel/watcher-win32-x64@2.5.1":
    resolution:
      {
        integrity: sha512-9lHBdJITeNR++EvSQVUcaZoWupyHfXe1jZvGZ06O/5MflPcuPLtEphScIBL+AiCWBO46tDSHzWyD0uDmmZqsgA==,
      }
    engines: { node: ">= 10.0.0" }
    cpu: [x64]
    os: [win32]

  "@parcel/watcher@2.5.1":
    resolution:
      {
        integrity: sha512-dfUnCxiN9H4ap84DvD2ubjw+3vUNpstxa0TneY/Paat8a3R4uQZDLSvWjmznAY/DoahqTHl9V46HF/Zs3F29pg==,
      }
    engines: { node: ">= 10.0.0" }

  "@sindresorhus/merge-streams@2.3.0":
    resolution:
      {
        integrity: sha512-LtoMMhxAlorcGhmFYI+LhPgbPZCkgP6ra1YL604EeF6U98pLlQ3iWIGMdWSC+vWmPBWBNgmDBAhnAobLROJmwg==,
      }
    engines: { node: ">=18" }

  "@types/node@22.13.10":
    resolution:
      {
        integrity: sha512-I6LPUvlRH+O6VRUqYOcMudhaIdUVWfsjnZavnsraHvpBwaEyMN29ry+0UVJhImYL16xsscu0aske3yA+uPOWfw==,
      }

  ansi-regex@5.0.1:
    resolution:
      {
        integrity: sha512-quJQXlTSUGL2LH9SUXo8VwsY4soanhgo6LNSm84E1LBcE8s3O0wpdiRzyR9z/ZZJMlMWv37qOOb9pdJlMUEKFQ==,
      }
    engines: { node: ">=8" }

  ansi-regex@6.1.0:
    resolution:
      {
        integrity: sha512-7HSX4QQb4CspciLpVFwyRe79O3xsIZDDLER21kERQ71oaPodF8jL725AgJMFAYbooIqolJoRLuM81SpeUkpkvA==,
      }
    engines: { node: ">=12" }

  ansi-styles@4.3.0:
    resolution:
      {
        integrity: sha512-zbB9rCJAT1rbjiVDb2hqKFHNYLxgtk8NURxZ3IZwD3F6NtxbXZQCnnSi1Lkx+IDohdPlFp222wVALIheZJQSEg==,
      }
    engines: { node: ">=8" }

  ansi-styles@6.2.1:
    resolution:
      {
        integrity: sha512-bN798gFfQX+viw3R7yrGWRqnrN2oRkEkUjjl4JNn4E8GxxbjtG3FbrEIIY3l8/hrwUwIeCZvi4QuOTP4MErVug==,
      }
    engines: { node: ">=12" }

  balanced-match@1.0.2:
    resolution:
      {
        integrity: sha512-3oSeUO0TMV67hN1AmbXsK4yaqU7tjiHlbxRDZOpH0KW9+CeX4bRAaX0Anxt0tx2MrpRpWwQaPwIlISEJhYU5Pw==,
      }

  brace-expansion@2.0.1:
    resolution:
      {
        integrity: sha512-XnAIvQ8eM+kC6aULx6wuQiwVsnzsi9d3WxzV3FpWTGA19F621kwdbsAcFKXgKUHZWsy+mY6iL1sHTxWEFCytDA==,
      }

  braces@3.0.3:
    resolution:
      {
        integrity: sha512-yQbXgO/OSZVD2IsiLlro+7Hf6Q18EJrKSEsdoMzKePKXct3gvD8oLcOQdIzGupr5Fj+EDe8gO/lxc1BzfMpxvA==,
      }
    engines: { node: ">=8" }

  buffer-builder@0.2.0:
    resolution:
      {
        integrity: sha512-7VPMEPuYznPSoR21NE1zvd2Xna6c/CloiZCfcMXR1Jny6PjX0N4Nsa38zcBFo/FMK+BlA+FLKbJCQ0i2yxp+Xg==,
      }

  chalk@5.4.1:
    resolution:
      {
        integrity: sha512-zgVZuo2WcZgfUEmsn6eO3kINexW8RAE4maiQ8QNs8CtpPCSyMiYsULR3HQYkm3w8FIA3SberyMJMSldGsW+U3w==,
      }
    engines: { node: ^12.17.0 || ^14.13 || >=16.0.0 }

  chokidar@4.0.3:
    resolution:
      {
        integrity: sha512-Qgzu8kfBvo+cA4962jnP1KkS6Dop5NS6g7R5LFYJr4b8Ub94PPQXUksCw9PvXoeXPRRddRNC5C1JQUR2SMGtnA==,
      }
    engines: { node: ">= 14.16.0" }

  cli-cursor@5.0.0:
    resolution:
      {
        integrity: sha512-aCj4O5wKyszjMmDT4tZj93kxyydN/K5zPWSCe6/0AV/AA1pqe5ZBIw0a2ZfPQV7lL5/yb5HsUreJ6UFAF1tEQw==,
      }
    engines: { node: ">=18" }

  cli-spinners@2.9.2:
    resolution:
      {
        integrity: sha512-ywqV+5MmyL4E7ybXgKys4DugZbX0FC6LnwrhjuykIjnK9k8OQacQ7axGKnjDXWNhns0xot3bZI5h55H8yo9cJg==,
      }
    engines: { node: ">=6" }

  color-convert@2.0.1:
    resolution:
      {
        integrity: sha512-RRECPsj7iu/xb5oKYcsFHSppFNnsj/52OVTRKb4zP5onXwVF3zVmmToNcOfGC+CRDpfK/U584fMg38ZHCaElKQ==,
      }
    engines: { node: ">=7.0.0" }

  color-name@1.1.4:
    resolution:
      {
        integrity: sha512-dOy+3AuW3a2wNbZHIuMZpTcgjGuLU/uBL/ubcZF9OXbDo8ff4O8yVp5Bf0efS8uEoYo5q4Fx7dY9OgQGXgAsQA==,
      }

  colorjs.io@0.5.2:
    resolution:
      {
        integrity: sha512-twmVoizEW7ylZSN32OgKdXRmo1qg+wT5/6C3xu5b9QsWzSFAhHLn2xd8ro0diCsKfCj1RdaTP/nrcW+vAoQPIw==,
      }

  commander@12.1.0:
    resolution:
      {
        integrity: sha512-Vw8qHK3bZM9y/P10u3Vib8o/DdkvA2OtPtZvD871QKjy74Wj1WSKFILMPRPSdUSx5RFK1arlJzEtA4PkFgnbuA==,
      }
    engines: { node: ">=18" }

  commander@13.1.0:
    resolution:
      {
        integrity: sha512-/rFeCpNJQbhSZjGVwO9RFV3xPqbnERS8MmIQzCtD/zl6gpJuV/bMLuN92oG3F7d8oDEHHRrujSXNUr8fpjntKw==,
      }
    engines: { node: ">=18" }

  cross-spawn@7.0.6:
    resolution:
      {
        integrity: sha512-uV2QOWP2nWzsy2aMp8aRibhi9dlzF5Hgh5SHaB9OiTGEyDTiJJyx0uy51QXdyWbtAHNua4XJzUKca3OzKUd3vA==,
      }
    engines: { node: ">= 8" }

  cssesc@3.0.0:
    resolution:
      {
        integrity: sha512-/Tb/JcjK111nNScGob5MNtsntNM1aCNUDipB/TkwZFhyDrrE47SOx/18wF2bbjgc3ZzCSKW1T5nt5EbFoAz/Vg==,
      }
    engines: { node: ">=4" }
    hasBin: true

  debug@4.4.1:
    resolution:
      {
        integrity: sha512-KcKCqiftBJcZr++7ykoDIEwSa3XWowTfNPo92BYxjXiyYEVrUQh2aLyhxBCwww+heortUFxEJYcRzosstTEBYQ==,
      }
    engines: { node: ">=6.0" }
    peerDependencies:
      supports-color: "*"
    peerDependenciesMeta:
      supports-color:
        optional: true

  detect-libc@1.0.3:
    resolution:
      {
        integrity: sha512-pGjwhsmsp4kL2RTz08wcOlGN83otlqHeD/Z5T8GXZB+/YcpQ/dgo+lbU8ZsGxV0HIvqqxo9l7mqYwyYMD9bKDg==,
      }
    engines: { node: ">=0.10" }
    hasBin: true

  detect-libc@2.0.3:
    resolution:
      {
        integrity: sha512-bwy0MGW55bG41VqxxypOsdSdGqLwXPI/focwgTYCFMbdUiBAxLg9CFzG08sz2aqzknwiX7Hkl0bQENjg8iLByw==,
      }
    engines: { node: ">=8" }

  eastasianwidth@0.2.0:
    resolution:
      {
        integrity: sha512-I88TYZWc9XiYHRQ4/3c5rjjfgkjhLyW2luGIheGERbNQ6OY7yTybanSpDXZa8y7VUP9YmDcYa+eyq4ca7iLqWA==,
      }

  emoji-regex@10.4.0:
    resolution:
      {
        integrity: sha512-EC+0oUMY1Rqm4O6LLrgjtYDvcVYTy7chDnM4Q7030tP4Kwj3u/pR6gP9ygnp2CJMK5Gq+9Q2oqmrFJAz01DXjw==,
      }

  emoji-regex@8.0.0:
    resolution:
      {
        integrity: sha512-MSjYzcWNOA0ewAHpz0MxpYFvwg6yjy1NG3xteoqz644VCo/RPgnr1/GGt+ic3iJTzQ8Eu3TdM14SawnVUmGE6A==,
      }

  emoji-regex@9.2.2:
    resolution:
      {
        integrity: sha512-L18DaJsXSUk2+42pv8mLs5jJT2hqFkFE4j21wOmgbUqsZ2hL72NsUU785g9RXgo3s0ZNgVl42TiHp3ZtOv/Vyg==,
      }

  fast-glob@3.3.3:
    resolution:
      {
        integrity: sha512-7MptL8U0cqcFdzIzwOTHoilX9x5BrNqye7Z/LuC7kCMRio1EMSyqRK3BEAUD7sXRq4iT4AzTVuZdhgQ2TCvYLg==,
      }
    engines: { node: ">=8.6.0" }

  fastq@1.18.0:
    resolution:
      {
        integrity: sha512-QKHXPW0hD8g4UET03SdOdunzSouc9N4AuHdsX8XNcTsuz+yYFILVNIX4l9yHABMhiEI9Db0JTTIpu0wB+Y1QQw==,
      }

  fill-range@7.1.1:
    resolution:
      {
        integrity: sha512-YsGpe3WHLK8ZYi4tWDg2Jy3ebRz2rXowDxnld4bkQB00cc/1Zw9AWnC0i9ztDJitivtQvaI9KaLyKrc+hBW0yg==,
      }
    engines: { node: ">=8" }

  foreground-child@3.3.0:
    resolution:
      {
        integrity: sha512-Ld2g8rrAyMYFXBhEqMz8ZAHBi4J4uS1i/CxGMDnjyFWddMXLVcDp051DZfu+t7+ab7Wv6SMqpWmyFIj5UbfFvg==,
      }
    engines: { node: ">=14" }

  get-east-asian-width@1.3.0:
    resolution:
      {
        integrity: sha512-vpeMIQKxczTD/0s2CdEWHcb0eeJe6TFjxb+J5xgX7hScxqrGuyjmv4c1D4A/gelKfyox0gJJwIHF+fLjeaM8kQ==,
      }
    engines: { node: ">=18" }

  glob-parent@5.1.2:
    resolution:
      {
        integrity: sha512-AOIgSQCepiJYwP3ARnGx+5VnTu2HBYdzbGP45eLw1vr3zB3vZLeyed1sC9hnbcOc9/SrMyM5RPQrkGz4aS9Zow==,
      }
    engines: { node: ">= 6" }

  glob@11.0.1:
    resolution:
      {
        integrity: sha512-zrQDm8XPnYEKawJScsnM0QzobJxlT/kHOOlRTio8IH/GrmxRE5fjllkzdaHclIuNjUQTJYH2xHNIGfdpJkDJUw==,
      }
    engines: { node: 20 || >=22 }
    hasBin: true

  globby@14.1.0:
    resolution:
      {
        integrity: sha512-0Ia46fDOaT7k4og1PDW4YbodWWr3scS2vAr2lTbsplOt2WkKp0vQbkI9wKis/T5LV/dqPjO3bpS/z6GTJB82LA==,
      }
    engines: { node: ">=18" }

  has-flag@4.0.0:
    resolution:
      {
        integrity: sha512-EykJT/Q1KjTWctppgIAgfSO0tKVuZUjhgMr17kqTumMl6Afv3EISleU7qZUzoXDFTAHTDC4NOoG/ZxU3EvlMPQ==,
      }
    engines: { node: ">=8" }

  ignore@7.0.3:
    resolution:
      {
        integrity: sha512-bAH5jbK/F3T3Jls4I0SO1hmPR0dKU0a7+SY6n1yzRtG54FLO8d6w/nxLFX2Nb7dBu6cCWXPaAME6cYqFUMmuCA==,
      }
    engines: { node: ">= 4" }

  immutable@5.0.3:
    resolution:
      {
        integrity: sha512-P8IdPQHq3lA1xVeBRi5VPqUm5HDgKnx0Ru51wZz5mjxHr5n3RWhjIpOFU7ybkUxfB+5IToy+OLaHYDBIWsv+uw==,
      }

  is-extglob@2.1.1:
    resolution:
      {
        integrity: sha512-SbKbANkN603Vi4jEZv49LeVJMn4yGwsbzZworEoyEiutsN3nJYdbO36zfhGJ6QEDpOZIFkDtnq5JRxmvl3jsoQ==,
      }
    engines: { node: ">=0.10.0" }

  is-fullwidth-code-point@3.0.0:
    resolution:
      {
        integrity: sha512-zymm5+u+sCsSWyD9qNaejV3DFvhCKclKdizYaJUuHA83RLjb7nSuGnddCHGv0hk+KY7BMAlsWeK4Ueg6EV6XQg==,
      }
    engines: { node: ">=8" }

  is-glob@4.0.3:
    resolution:
      {
        integrity: sha512-xelSayHH36ZgE7ZWhli7pW34hNbNl8Ojv5KVmkJD4hBdD3th8Tfk9vYasLM+mXWOZhFkgZfxhLSnrwRr4elSSg==,
      }
    engines: { node: ">=0.10.0" }

  is-interactive@2.0.0:
    resolution:
      {
        integrity: sha512-qP1vozQRI+BMOPcjFzrjXuQvdak2pHNUMZoeG2eRbiSqyvbEf/wQtEOTOX1guk6E3t36RkaqiSt8A/6YElNxLQ==,
      }
    engines: { node: ">=12" }

  is-number@7.0.0:
    resolution:
      {
        integrity: sha512-41Cifkg6e8TylSpdtTpeLVMqvSBEVzTttHvERD741+pnZ8ANv0004MRL43QKPDlK9cGvNp6NZWZUBlbGXYxxng==,
      }
    engines: { node: ">=0.12.0" }

  is-unicode-supported@1.3.0:
    resolution:
      {
        integrity: sha512-43r2mRvz+8JRIKnWJ+3j8JtjRKZ6GmjzfaE/qiBJnikNnYv/6bagRJ1kUhNk8R5EX/GkobD+r+sfxCPJsiKBLQ==,
      }
    engines: { node: ">=12" }

  is-unicode-supported@2.1.0:
    resolution:
      {
        integrity: sha512-mE00Gnza5EEB3Ds0HfMyllZzbBrmLOX3vfWoj9A9PEnTfratQ/BcaJOuMhnkhjXvb2+FkY3VuHqtAGpTPmglFQ==,
      }
    engines: { node: ">=18" }

  isexe@2.0.0:
    resolution:
      {
        integrity: sha512-RHxMLp9lnKHGHRng9QFhRCMbYAcVpn69smSGcq3f36xjgVVWThj4qqLbTLlq7Ssj8B+fIQ1EuCEGI2lKsyQeIw==,
      }

  jackspeak@4.0.2:
    resolution:
      {
        integrity: sha512-bZsjR/iRjl1Nk1UkjGpAzLNfQtzuijhn2g+pbZb98HQ1Gk8vM9hfbxeMBP+M2/UUdwj0RqGG3mlvk2MsAqwvEw==,
      }
    engines: { node: 20 || >=22 }

  js-tokens@4.0.0:
    resolution:
      {
        integrity: sha512-RdJUflcE3cUzKiMqQgsCu06FPu9UdIJO0beYbPhHN4k6apgJtifcoCtT9bcxOpYBtpD2kCM6Sbzg4CausW/PKQ==,
      }

  jsesc@3.1.0:
    resolution:
      {
        integrity: sha512-/sM3dO2FOzXjKQhJuo0Q173wf2KOo8t4I8vHy6lF9poUp7bKT0/NHE8fPX23PwfhnykfqnC2xRxOnVw5XuGIaA==,
      }
    engines: { node: ">=6" }
    hasBin: true

  lightningcss-darwin-arm64@1.29.3:
    resolution:
      {
        integrity: sha512-fb7raKO3pXtlNbQbiMeEu8RbBVHnpyqAoxTyTRMEWFQWmscGC2wZxoHzZ+YKAepUuKT9uIW5vL2QbFivTgprZg==,
      }
    engines: { node: ">= 12.0.0" }
    cpu: [arm64]
    os: [darwin]

  lightningcss-darwin-x64@1.29.3:
    resolution:
      {
        integrity: sha512-KF2XZ4ZdmDGGtEYmx5wpzn6u8vg7AdBHaEOvDKu8GOs7xDL/vcU2vMKtTeNe1d4dogkDdi3B9zC77jkatWBwEQ==,
      }
    engines: { node: ">= 12.0.0" }
    cpu: [x64]
    os: [darwin]

  lightningcss-freebsd-x64@1.29.3:
    resolution:
      {
        integrity: sha512-VUWeVf+V1UM54jv9M4wen9vMlIAyT69Krl9XjI8SsRxz4tdNV/7QEPlW6JASev/pYdiynUCW0pwaFquDRYdxMw==,
      }
    engines: { node: ">= 12.0.0" }
    cpu: [x64]
    os: [freebsd]

  lightningcss-linux-arm-gnueabihf@1.29.3:
    resolution:
      {
        integrity: sha512-UhgZ/XVNfXQVEJrMIWeK1Laj8KbhjbIz7F4znUk7G4zeGw7TRoJxhb66uWrEsonn1+O45w//0i0Fu0wIovYdYg==,
      }
    engines: { node: ">= 12.0.0" }
    cpu: [arm]
    os: [linux]

  lightningcss-linux-arm64-gnu@1.29.3:
    resolution:
      {
        integrity: sha512-Pqau7jtgJNmQ/esugfmAT1aCFy/Gxc92FOxI+3n+LbMHBheBnk41xHDhc0HeYlx9G0xP5tK4t0Koy3QGGNqypw==,
      }
    engines: { node: ">= 12.0.0" }
    cpu: [arm64]
    os: [linux]

  lightningcss-linux-arm64-musl@1.29.3:
    resolution:
      {
        integrity: sha512-dxakOk66pf7KLS7VRYFO7B8WOJLecE5OPL2YOk52eriFd/yeyxt2Km5H0BjLfElokIaR+qWi33gB8MQLrdAY3A==,
      }
    engines: { node: ">= 12.0.0" }
    cpu: [arm64]
    os: [linux]

  lightningcss-linux-x64-gnu@1.29.3:
    resolution:
      {
        integrity: sha512-ySZTNCpbfbK8rqpKJeJR2S0g/8UqqV3QnzcuWvpI60LWxnFN91nxpSSwCbzfOXkzKfar9j5eOuOplf+klKtINg==,
      }
    engines: { node: ">= 12.0.0" }
    cpu: [x64]
    os: [linux]

  lightningcss-linux-x64-musl@1.29.3:
    resolution:
      {
        integrity: sha512-3pVZhIzW09nzi10usAXfIGTTSTYQ141dk88vGFNCgawIzayiIzZQxEcxVtIkdvlEq2YuFsL9Wcj/h61JHHzuFQ==,
      }
    engines: { node: ">= 12.0.0" }
    cpu: [x64]
    os: [linux]

  lightningcss-win32-arm64-msvc@1.29.3:
    resolution:
      {
        integrity: sha512-VRnkAvtIkeWuoBJeGOTrZxsNp4HogXtcaaLm8agmbYtLDOhQdpgxW6NjZZjDXbvGF+eOehGulXZ3C1TiwHY4QQ==,
      }
    engines: { node: ">= 12.0.0" }
    cpu: [arm64]
    os: [win32]

  lightningcss-win32-x64-msvc@1.29.3:
    resolution:
      {
        integrity: sha512-IszwRPu2cPnDQsZpd7/EAr0x2W7jkaWqQ1SwCVIZ/tSbZVXPLt6k8s6FkcyBjViCzvB5CW0We0QbbP7zp2aBjQ==,
      }
    engines: { node: ">= 12.0.0" }
    cpu: [x64]
    os: [win32]

  lightningcss@1.29.3:
    resolution:
      {
        integrity: sha512-GlOJwTIP6TMIlrTFsxTerwC0W6OpQpCGuX1ECRLBUVRh6fpJH3xTqjCjRgQHTb4ZXexH9rtHou1Lf03GKzmhhQ==,
      }
    engines: { node: ">= 12.0.0" }

  log-symbols@6.0.0:
    resolution:
      {
        integrity: sha512-i24m8rpwhmPIS4zscNzK6MSEhk0DUWa/8iYQWxhffV8jkI4Phvs3F+quL5xvS0gdQR0FyTCMMH33Y78dDTzzIw==,
      }
    engines: { node: ">=18" }

  lru-cache@11.0.2:
    resolution:
      {
        integrity: sha512-123qHRfJBmo2jXDbo/a5YOQrJoHF/GNQTLzQ5+IdK5pWpceK17yRc6ozlWd25FxvGKQbIUs91fDFkXmDHTKcyA==,
      }
    engines: { node: 20 || >=22 }

  merge2@1.4.1:
    resolution:
      {
        integrity: sha512-8q7VEgMJW4J8tcfVPy8g09NcQwZdbwFEqhe/WZkoIzjn/3TGDwtOCYtXGxA3O8tPzpczCCDgv+P2P5y00ZJOOg==,
      }
    engines: { node: ">= 8" }

  micromatch@4.0.8:
    resolution:
      {
        integrity: sha512-PXwfBhYu0hBCPw8Dn0E+WDYb7af3dSLVWKi3HGv84IdF4TyFoC0ysxFd0Goxw7nSv4T/PzEJQxsYsEiFCKo2BA==,
      }
    engines: { node: ">=8.6" }

  mimic-function@5.0.1:
    resolution:
      {
        integrity: sha512-VP79XUPxV2CigYP3jWwAUFSku2aKqBH7uTAapFWCBqutsbmDo96KY5o8uh6U+/YSIn5OxJnXp73beVkpqMIGhA==,
      }
    engines: { node: ">=18" }

  minimatch@10.0.1:
    resolution:
      {
        integrity: sha512-ethXTt3SGGR+95gudmqJ1eNhRO7eGEGIgYA9vnPatK4/etz2MEVDno5GMCibdMTuBMyElzIlgxMna3K94XDIDQ==,
      }
    engines: { node: 20 || >=22 }

  minipass@7.1.2:
    resolution:
      {
        integrity: sha512-qOOzS1cBTWYF4BH8fVePDBOO9iptMnGUEZwNc/cMWnTV2nVLZ7VoNWEPHkYczZA0pdoA7dl6e7FL659nX9S2aw==,
      }
    engines: { node: ">=16 || 14 >=14.17" }

  ms@2.1.3:
    resolution:
      {
        integrity: sha512-6FlzubTLZG3J2a/NVCAleEhjzq5oxgHyaCU9yYXvcLsvoVaHJq/s5xXI6/XXP6tz7R9xAOtHnSO/tXtF3WRTlA==,
      }

  nanoid@3.3.8:
    resolution:
      {
        integrity: sha512-WNLf5Sd8oZxOm+TzppcYk8gVOgP+l58xNy58D0nbUnOxOWRWvlcCV4kUF7ltmI6PsrLl/BgKEyS4mqsGChFN0w==,
      }
    engines: { node: ^10 || ^12 || ^13.7 || ^14 || >=15.0.1 }
    hasBin: true

  node-addon-api@7.1.1:
    resolution:
      {
        integrity: sha512-5m3bsyrjFWE1xf7nz7YXdN4udnVtXK6/Yfgn5qnahL6bCkf2yKt4k3nuTKAtT4r3IG8JNR2ncsIMdZuAzJjHQQ==,
      }

  onetime@7.0.0:
    resolution:
      {
        integrity: sha512-VXJjc87FScF88uafS3JllDgvAm+c/Slfz06lorj2uAY34rlUu0Nt+v8wreiImcrgAjjIHp1rXpTDlLOGw29WwQ==,
      }
    engines: { node: ">=18" }

  ora@8.2.0:
    resolution:
      {
        integrity: sha512-weP+BZ8MVNnlCm8c0Qdc1WSWq4Qn7I+9CJGm7Qali6g44e/PUzbjNqJX5NJ9ljlNMosfJvg1fKEGILklK9cwnw==,
      }
    engines: { node: ">=18" }

  package-json-from-dist@1.0.1:
    resolution:
      {
        integrity: sha512-UEZIS3/by4OC8vL3P2dTXRETpebLI2NiI5vIrjaD/5UtrkFX/tNbwjTSRAGC/+7CAo2pIcBaRgWmcBBHcsaCIw==,
      }

  path-key@3.1.1:
    resolution:
      {
        integrity: sha512-ojmeN0qd+y0jszEtoY48r0Peq5dwMEkIlCOu6Q5f41lfkswXuKtYrhgoTpLnyIcHm24Uhqx+5Tqm2InSwLhE6Q==,
      }
    engines: { node: ">=8" }

  path-scurry@2.0.0:
    resolution:
      {
        integrity: sha512-ypGJsmGtdXUOeM5u93TyeIEfEhM6s+ljAhrk5vAvSx8uyY/02OvrZnA0YNGUrPXfpJMgI1ODd3nwz8Npx4O4cg==,
      }
    engines: { node: 20 || >=22 }

  path-type@6.0.0:
    resolution:
      {
        integrity: sha512-Vj7sf++t5pBD637NSfkxpHSMfWaeig5+DKWLhcqIYx6mWQz5hdJTGDVMQiJcw1ZYkhs7AazKDGpRVji1LJCZUQ==,
      }
    engines: { node: ">=18" }

  picocolors@1.1.1:
    resolution:
      {
        integrity: sha512-xceH2snhtb5M9liqDsmEw56le376mTZkEX/jEb/RxNFyegNul7eNslCXP9FDj/Lcu0X8KEyMceP2ntpaHrDEVA==,
      }

  picomatch@2.3.1:
    resolution:
      {
        integrity: sha512-JU3teHTNjmE2VCGFzuY8EXzCDVwEqB2a8fsIvwaStHhAWJEeVd1o1QD80CU6+ZdEXXSLbSsuLwJjkCBWqRQUVA==,
      }
    engines: { node: ">=8.6" }

  postcss-selector-parser@6.1.2:
    resolution:
      {
        integrity: sha512-Q8qQfPiZ+THO/3ZrOrO0cJJKfpYCagtMUkXbnEfmgUjwXg6z/WBeOyS9APBBPCTSiDV+s4SwQGu8yFsiMRIudg==,
      }
    engines: { node: ">=4" }

  postcss@8.5.1:
    resolution:
      {
        integrity: sha512-6oz2beyjc5VMn/KV1pPw8fliQkhBXrVn1Z3TVyqZxU8kZpzEKhBdmCFqI6ZbmGtamQvQGuU1sgPTk8ZrXDD7jQ==,
      }
    engines: { node: ^10 || ^12 || >=14 }

  prettier@3.6.2:
    resolution:
      {
        integrity: sha512-I7AIg5boAr5R0FFtJ6rCfD+LFsWHp81dolrFD8S79U9tb8Az2nGrJncnMSnys+bpQJfRUzqs9hnA81OAA3hCuQ==,
      }
    engines: { node: ">=14" }
    hasBin: true

  purgecss@7.0.2:
    resolution:
      {
        integrity: sha512-4Ku8KoxNhOWi9X1XJ73XY5fv+I+hhTRedKpGs/2gaBKU8ijUiIKF/uyyIyh7Wo713bELSICF5/NswjcuOqYouQ==,
      }
    hasBin: true

  queue-microtask@1.2.3:
    resolution:
      {
        integrity: sha512-NuaNSa6flKT5JaSYQzJok04JzTL1CA6aGhv5rfLW3PgqA+M2ChpZQnAC8h8i4ZFkBS8X5RqkDBHA7r4hej3K9A==,
      }

  readdirp@4.1.1:
    resolution:
      {
        integrity: sha512-h80JrZu/MHUZCyHu5ciuoI0+WxsCxzxJTILn6Fs8rxSnFPh+UVHYfeIxK1nVGugMqkfC4vJcBOYbkfkwYK0+gw==,
      }
    engines: { node: ">= 14.18.0" }

  restore-cursor@5.1.0:
    resolution:
      {
        integrity: sha512-oMA2dcrw6u0YfxJQXm342bFKX/E4sG9rbTzO9ptUcR/e8A33cHuvStiYOwH7fszkZlZ1z/ta9AAoPk2F4qIOHA==,
      }
    engines: { node: ">=18" }

  reusify@1.0.4:
    resolution:
      {
        integrity: sha512-U9nH88a3fc/ekCF1l0/UP1IosiuIjyTh7hBvXVMHYgVcfGvt897Xguj2UOLDeI5BG2m7/uwyaLVT6fbtCwTyzw==,
      }
    engines: { iojs: ">=1.0.0", node: ">=0.10.0" }

  run-parallel@1.2.0:
    resolution:
      {
        integrity: sha512-5l4VyZR86LZ/lDxZTR6jqL8AFE2S0IFLMP26AbjsLVADxHdhB/c0GUsH+y39UfCi3dzz8OlQuPmnaJOMoDHQBA==,
      }

  rxjs@7.8.2:
    resolution:
      {
        integrity: sha512-dhKf903U/PQZY6boNNtAGdWbG85WAbjT/1xYoZIC7FAY0yWapOBQVsVrDl58W86//e1VpMNBtRV4MaXfdMySFA==,
      }

  sass-embedded-android-arm64@1.85.1:
    resolution:
      {
        integrity: sha512-27oRheqNA3SJM2hAxpVbs7mCKUwKPWmEEhyiNFpBINb5ELVLg+Ck5RsGg+SJmo130ul5YX0vinmVB5uPWc8X5w==,
      }
    engines: { node: ">=14.0.0" }
    cpu: [arm64]
    os: [android]

  sass-embedded-android-arm@1.85.1:
    resolution:
      {
        integrity: sha512-GkcgUGMZtEF9gheuE1dxCU0ZSAifuaFXi/aX7ZXvjtdwmTl9Zc/OHR9oiUJkc8IW9UI7H8TuwlTAA8+SwgwIeQ==,
      }
    engines: { node: ">=14.0.0" }
    cpu: [arm]
    os: [android]

  sass-embedded-android-ia32@1.85.1:
    resolution:
      {
        integrity: sha512-f3x16NyRgtXFksIaO/xXKrUhttUBv8V0XsAR2Dhdb/yz4yrDrhzw9Wh8fmw7PlQqECcQvFaoDr3XIIM6lKzasw==,
      }
    engines: { node: ">=14.0.0" }
    cpu: [ia32]
    os: [android]

  sass-embedded-android-riscv64@1.85.1:
    resolution:
      {
        integrity: sha512-IP6OijpJ8Mqo7XqCe0LsuZVbAxEFVboa0kXqqR5K55LebEplsTIA2GnmRyMay3Yr/2FVGsZbCb6Wlgkw23eCiA==,
      }
    engines: { node: ">=14.0.0" }
    cpu: [riscv64]
    os: [android]

  sass-embedded-android-x64@1.85.1:
    resolution:
      {
        integrity: sha512-Mh7CA53wR3ADvXAYipFc/R3vV4PVOzoKwWzPxmq+7i8UZrtsVjKONxGtqWe9JG1mna0C9CRZAx0sv/BzbOJxWg==,
      }
    engines: { node: ">=14.0.0" }
    cpu: [x64]
    os: [android]

  sass-embedded-darwin-arm64@1.85.1:
    resolution:
      {
        integrity: sha512-msWxzhvcP9hqGVegxVePVEfv9mVNTlUgGr6k7O7Ihji702mbtrH/lKwF4aRkkt4g1j7tv10+JtQXmTNi/pi9kA==,
      }
    engines: { node: ">=14.0.0" }
    cpu: [arm64]
    os: [darwin]

  sass-embedded-darwin-x64@1.85.1:
    resolution:
      {
        integrity: sha512-J4UFHUiyI9Z+mwYMwz11Ky9TYr3hY1fCxeQddjNGL/+ovldtb0yAIHvoVM0BGprQDm5JqhtUk8KyJ3RMJqpaAA==,
      }
    engines: { node: ">=14.0.0" }
    cpu: [x64]
    os: [darwin]

  sass-embedded-linux-arm64@1.85.1:
    resolution:
      {
        integrity: sha512-jGadetB03BMFG2rq3OXub/uvC/lGpbQOiLGEz3NLb2nRZWyauRhzDtvZqkr6BEhxgIWtMtz2020yD8ZJSw/r2w==,
      }
    engines: { node: ">=14.0.0" }
    cpu: [arm64]
    os: [linux]

  sass-embedded-linux-arm@1.85.1:
    resolution:
      {
        integrity: sha512-X0fDh95nNSw1wfRlnkE4oscoEA5Au4nnk785s9jghPFkTBg+A+5uB6trCjf0fM22+Iw6kiP4YYmDdw3BqxAKLQ==,
      }
    engines: { node: ">=14.0.0" }
    cpu: [arm]
    os: [linux]

  sass-embedded-linux-ia32@1.85.1:
    resolution:
      {
        integrity: sha512-7HlYY90d9mitDtNi5s+S+5wYZrTVbkBH2/kf7ixrzh2BFfT0YM81UHLJRnGX93y9aOMBL6DSZAIfkt1RsV9bkQ==,
      }
    engines: { node: ">=14.0.0" }
    cpu: [ia32]
    os: [linux]

  sass-embedded-linux-musl-arm64@1.85.1:
    resolution:
      {
        integrity: sha512-FLkIT0p18XOkR6wryJ13LqGBDsrYev2dRk9dtiU18NCpNXruKsdBQ1ZnWHVKB3h1dA9lFyEEisC0sooKdNfeOQ==,
      }
    engines: { node: ">=14.0.0" }
    cpu: [arm64]
    os: [linux]

  sass-embedded-linux-musl-arm@1.85.1:
    resolution:
      {
        integrity: sha512-5vcdEqE8QZnu6i6shZo7x2N36V7YUoFotWj2rGekII5ty7Nkaj+VtZhUEOp9tAzEOlaFuDp5CyO1kUCvweT64A==,
      }
    engines: { node: ">=14.0.0" }
    cpu: [arm]
    os: [linux]

  sass-embedded-linux-musl-ia32@1.85.1:
    resolution:
      {
        integrity: sha512-N1093T84zQJor1yyIAdYScB5eAuQarGK1tKgZ4uTnxVlgA7Xi1lXV8Eh7ox9sDqKCaWkVQ3MjqU26vYRBeRWyw==,
      }
    engines: { node: ">=14.0.0" }
    cpu: [ia32]
    os: [linux]

  sass-embedded-linux-musl-riscv64@1.85.1:
    resolution:
      {
        integrity: sha512-WRsZS/7qlfYXsa93FBpSruieuURIu7ySfFhzYfF1IbKrNAGwmbduutkHZh2ddm5/vQMvQ0Rdosgv+CslaQHMcw==,
      }
    engines: { node: ">=14.0.0" }
    cpu: [riscv64]
    os: [linux]

  sass-embedded-linux-musl-x64@1.85.1:
    resolution:
      {
        integrity: sha512-+OlLIilA5TnP0YEqTQ8yZtkW+bJIQYvzoGoNLUEskeyeGuOiIyn2CwL6G4JQB4xZQFaxPHb7JD3EueFkQbH0Pw==,
      }
    engines: { node: ">=14.0.0" }
    cpu: [x64]
    os: [linux]

  sass-embedded-linux-riscv64@1.85.1:
    resolution:
      {
        integrity: sha512-mKKlOwMGLN7yP1p0gB5yG/HX4fYLnpWaqstNuOOXH+fOzTaNg0+1hALg0H0CDIqypPO74M5MS9T6FAJZGdT6dQ==,
      }
    engines: { node: ">=14.0.0" }
    cpu: [riscv64]
    os: [linux]

  sass-embedded-linux-x64@1.85.1:
    resolution:
      {
        integrity: sha512-uKRTv0z8NgtHV7xSren78+yoWB79sNi7TMqI7Bxd8fcRNIgHQSA8QBdF8led2ETC004hr8h71BrY60RPO+SSvA==,
      }
    engines: { node: ">=14.0.0" }
    cpu: [x64]
    os: [linux]

  sass-embedded-win32-arm64@1.85.1:
    resolution:
      {
        integrity: sha512-/GMiZXBOc6AEMBC3g25Rp+x8fq9Z6Ql7037l5rajBPhZ+DdFwtdHY0Ou3oIU6XuWUwD06U3ii4XufXVFhsP6PA==,
      }
    engines: { node: ">=14.0.0" }
    cpu: [arm64]
    os: [win32]

  sass-embedded-win32-ia32@1.85.1:
    resolution:
      {
        integrity: sha512-L+4BWkKKBGFOKVQ2PQ5HwFfkM5FvTf1Xx2VSRvEWt9HxPXp6SPDho6zC8fqNQ3hSjoaoASEIJcSvgfdQYO0gdg==,
      }
    engines: { node: ">=14.0.0" }
    cpu: [ia32]
    os: [win32]

  sass-embedded-win32-x64@1.85.1:
    resolution:
      {
        integrity: sha512-/FO0AGKWxVfCk4GKsC0yXWBpUZdySe3YAAbQQL0lL6xUd1OiUY8Kow6g4Kc1TB/+z0iuQKKTqI/acJMEYl4iTQ==,
      }
    engines: { node: ">=14.0.0" }
    cpu: [x64]
    os: [win32]

  sass-embedded@1.85.1:
    resolution:
      {
        integrity: sha512-0i+3h2Df/c71afluxC1SXqyyMmJlnKWfu9ZGdzwuKRM1OftEa2XM2myt5tR36CF3PanYrMjFKtRIj8PfSf838w==,
      }
    engines: { node: ">=16.0.0" }
    hasBin: true

  sass@1.85.1:
    resolution:
      {
        integrity: sha512-Uk8WpxM5v+0cMR0XjX9KfRIacmSG86RH4DCCZjLU2rFh5tyutt9siAXJ7G+YfxQ99Q6wrRMbMlVl6KqUms71ag==,
      }
    engines: { node: ">=14.0.0" }
    hasBin: true

  semver@7.7.2:
    resolution:
      {
        integrity: sha512-RF0Fw+rO5AMf9MAyaRXI4AV0Ulj5lMHqVxxdSgiVbixSCXoEmmX/jk0CuJw4+3SqroYO9VoUh+HcuJivvtJemA==,
      }
    engines: { node: ">=10" }
    hasBin: true

  shebang-command@2.0.0:
    resolution:
      {
        integrity: sha512-kHxr2zZpYtdmrN1qDjrrX/Z1rR1kG8Dx+gkpK1G4eXmvXswmcE1hTWBWYUzlraYw1/yZp6YuDY77YtvbN0dmDA==,
      }
    engines: { node: ">=8" }

  shebang-regex@3.0.0:
    resolution:
      {
        integrity: sha512-7++dFhtcx3353uBaq8DDR4NuxBetBzC7ZQOhmTQInHEd6bSrXdiEyzCvG07Z44UYdLShWUyXt5M/yhz8ekcb1A==,
      }
    engines: { node: ">=8" }

  signal-exit@4.1.0:
    resolution:
      {
        integrity: sha512-bzyZ1e88w9O1iNJbKnOlvYTrWPDl46O1bG0D3XInv+9tkPrxrN8jUUTiFlDkkmKWgn1M6CfIA13SuGqOa9Korw==,
      }
    engines: { node: ">=14" }

  slash@5.1.0:
    resolution:
      {
        integrity: sha512-ZA6oR3T/pEyuqwMgAKT0/hAv8oAXckzbkmR0UkUosQ+Mc4RxGoJkRmwHgHufaenlyAgE1Mxgpdcrf75y6XcnDg==,
      }
    engines: { node: ">=14.16" }

  source-map-js@1.2.1:
    resolution:
      {
        integrity: sha512-UXWMKhLOwVKb728IUtQPXxfYU+usdybtUrK/8uGE8CQMvrhOpwvzDBwj0QhSL7MQc7vIsISBG8VQ8+IDQxpfQA==,
      }
    engines: { node: ">=0.10.0" }

  stdin-discarder@0.2.2:
    resolution:
      {
        integrity: sha512-UhDfHmA92YAlNnCfhmq0VeNL5bDbiZGg7sZ2IvPsXubGkiNa9EC+tUTsjBRsYUAz87btI6/1wf4XoVvQ3uRnmQ==,
      }
    engines: { node: ">=18" }

  string-width@4.2.3:
    resolution:
      {
        integrity: sha512-wKyQRQpjJ0sIp62ErSZdGsjMJWsap5oRNihHhu6G7JVO/9jIB6UyevL+tXuOqrng8j/cxKTWyWUwvSTriiZz/g==,
      }
    engines: { node: ">=8" }

  string-width@5.1.2:
    resolution:
      {
        integrity: sha512-HnLOCR3vjcY8beoNLtcjZ5/nxn2afmME6lhrDrebokqMap+XbeW8n9TXpPDOqdGK5qcI3oT0GKTW6wC7EMiVqA==,
      }
    engines: { node: ">=12" }

  string-width@7.2.0:
    resolution:
      {
        integrity: sha512-tsaTIkKW9b4N+AEj+SVA+WhJzV7/zMhcSu78mLKWSk7cXMOSHsBKFWUs0fWwq8QyK3MgJBQRX6Gbi4kYbdvGkQ==,
      }
    engines: { node: ">=18" }

  strip-ansi@6.0.1:
    resolution:
      {
        integrity: sha512-Y38VPSHcqkFrCpFnQ9vuSXmquuv5oXOKpGeT6aGrr3o3Gc9AlVa6JBfUSOCnbxGGZF+/0ooI7KrPuUSztUdU5A==,
      }
    engines: { node: ">=8" }

  strip-ansi@7.1.0:
    resolution:
      {
        integrity: sha512-iq6eVVI64nQQTRYq2KtEg2d2uU7LElhTJwsH4YzIHZshxlgZms/wIc4VoDQTlG/IvVIrBKG06CrZnp0qv7hkcQ==,
      }
    engines: { node: ">=12" }

  supports-color@8.1.1:
    resolution:
      {
        integrity: sha512-MpUEN2OodtUzxvKQl72cUF7RQ5EiHsGvSsVG0ia9c5RbWGL2CI4C7EpPS8UTBIplnlzZiNuV56w+FuNxy3ty2Q==,
      }
    engines: { node: ">=10" }

  sync-child-process@1.0.2:
    resolution:
      {
        integrity: sha512-8lD+t2KrrScJ/7KXCSyfhT3/hRq78rC0wBFqNJXv3mZyn6hW2ypM05JmlSvtqRbeq6jqA94oHbxAr2vYsJ8vDA==,
      }
    engines: { node: ">=16.0.0" }

  sync-message-port@1.1.3:
    resolution:
      {
        integrity: sha512-GTt8rSKje5FilG+wEdfCkOcLL7LWqpMlr2c3LRuKt/YXxcJ52aGSbGBAdI4L3aaqfrBt6y711El53ItyH1NWzg==,
      }
    engines: { node: ">=16.0.0" }

  to-regex-range@5.0.1:
    resolution:
      {
        integrity: sha512-65P7iz6X5yEr1cwcgvQxbbIw7Uk3gOy5dIdtZ4rDveLqhrdJP+Li/Hx6tyK0NEb+2GCyneCMJiGqrADCSNk8sQ==,
      }
    engines: { node: ">=8.0" }

  tslib@2.8.1:
    resolution:
      {
        integrity: sha512-oJFu94HQb+KVduSUQL7wnpmqnfmLsOA/nAh6b6EH0wCEoK0/mPeXU6c3wKDV83MkOuHPRHtSXKKU99IBazS/2w==,
      }

  typescript@5.8.2:
    resolution:
      {
        integrity: sha512-aJn6wq13/afZp/jT9QZmwEjDqqvSGp1VT5GVg+f/t6/oVyrgXM6BY1h9BRh/O5p3PlUPAe+WuiEZOmb/49RqoQ==,
      }
    engines: { node: ">=14.17" }
    hasBin: true

  undici-types@6.20.0:
    resolution:
      {
        integrity: sha512-Ny6QZ2Nju20vw1SRHe3d9jVu6gJ+4e3+MMpqu7pqE5HT6WsTSlce++GQmK5UXS8mzV8DSYHrQH+Xrf2jVcuKNg==,
      }

  unicorn-magic@0.3.0:
    resolution:
      {
        integrity: sha512-+QBBXBCvifc56fsbuxZQ6Sic3wqqc3WWaqxs58gvJrcOuN83HGTCwz3oS5phzU9LthRNE9VrJCFCLUgHeeFnfA==,
      }
    engines: { node: ">=18" }

  util-deprecate@1.0.2:
    resolution:
      {
        integrity: sha512-EPD5q1uXyFxJpCrLnCc1nHnq3gOa6DZBocAIiI2TaSCA7VCJ1UJDMagCzIkXNsUYfD1daK//LTEQ8xiIbrHtcw==,
      }

  varint@6.0.0:
    resolution:
      {
        integrity: sha512-cXEIW6cfr15lFv563k4GuVuW/fiwjknytD37jIOLSdSWuOI6WnO/oKwmP2FQTU2l01LP8/M5TSAJpzUaGe3uWg==,
      }

  which@2.0.2:
    resolution:
      {
        integrity: sha512-BLI3Tl1TW3Pvl70l3yq3Y64i+awpwXqsGBYWkkqMtnbXgrMD+yj7rhW0kuEDxzJaYXGjEW5ogapKNMEKNMjibA==,
      }
    engines: { node: ">= 8" }
    hasBin: true

  wrap-ansi@7.0.0:
    resolution:
      {
        integrity: sha512-YVGIj2kamLSTxw6NsZjoBxfSwsn0ycdesmc4p+Q21c5zPuZ1pl+NfxVdxPtdHvmNVOQ6XSYG4AUtyt/Fi7D16Q==,
      }
    engines: { node: ">=10" }

  wrap-ansi@8.1.0:
    resolution:
      {
        integrity: sha512-si7QWI6zUMq56bESFvagtmzMdGOtoxfR+Sez11Mobfc7tm+VkUckk9bW2UeffTGVUbOksxmSw0AA2gs8g71NCQ==,
      }
    engines: { node: ">=12" }

snapshots:
  "@babel/code-frame@7.27.1":
    dependencies:
      "@babel/helper-validator-identifier": 7.27.1
      js-tokens: 4.0.0
      picocolors: 1.1.1

  "@babel/generator@7.28.0":
    dependencies:
      "@babel/parser": 7.28.0
      "@babel/types": 7.28.1
      "@jridgewell/gen-mapping": 0.3.12
      "@jridgewell/trace-mapping": 0.3.29
      jsesc: 3.1.0

  "@babel/helper-globals@7.28.0": {}

  "@babel/helper-string-parser@7.27.1": {}

  "@babel/helper-validator-identifier@7.27.1": {}

  "@babel/parser@7.28.0":
    dependencies:
      "@babel/types": 7.28.1

  "@babel/template@7.27.2":
    dependencies:
      "@babel/code-frame": 7.27.1
      "@babel/parser": 7.28.0
      "@babel/types": 7.28.1

  "@babel/traverse@7.28.0":
    dependencies:
      "@babel/code-frame": 7.27.1
      "@babel/generator": 7.28.0
      "@babel/helper-globals": 7.28.0
      "@babel/parser": 7.28.0
      "@babel/template": 7.27.2
      "@babel/types": 7.28.1
      debug: 4.4.1
    transitivePeerDependencies:
      - supports-color

  "@babel/types@7.28.1":
    dependencies:
      "@babel/helper-string-parser": 7.27.1
      "@babel/helper-validator-identifier": 7.27.1

  "@bufbuild/protobuf@2.2.3": {}

  "@ianvs/prettier-plugin-sort-imports@4.5.1(prettier@3.6.2)":
    dependencies:
      "@babel/generator": 7.28.0
      "@babel/parser": 7.28.0
      "@babel/traverse": 7.28.0
      "@babel/types": 7.28.1
      prettier: 3.6.2
      semver: 7.7.2
    transitivePeerDependencies:
      - supports-color

  "@isaacs/cliui@8.0.2":
    dependencies:
      string-width: 5.1.2
      string-width-cjs: string-width@4.2.3
      strip-ansi: 7.1.0
      strip-ansi-cjs: strip-ansi@6.0.1
      wrap-ansi: 8.1.0
      wrap-ansi-cjs: wrap-ansi@7.0.0

  "@jridgewell/gen-mapping@0.3.12":
    dependencies:
      "@jridgewell/sourcemap-codec": 1.5.4
      "@jridgewell/trace-mapping": 0.3.29

  "@jridgewell/resolve-uri@3.1.2": {}

  "@jridgewell/sourcemap-codec@1.5.4": {}

  "@jridgewell/trace-mapping@0.3.29":
    dependencies:
      "@jridgewell/resolve-uri": 3.1.2
      "@jridgewell/sourcemap-codec": 1.5.4

  "@nodelib/fs.scandir@2.1.5":
    dependencies:
      "@nodelib/fs.stat": 2.0.5
      run-parallel: 1.2.0

  "@nodelib/fs.stat@2.0.5": {}

  "@nodelib/fs.walk@1.2.8":
    dependencies:
      "@nodelib/fs.scandir": 2.1.5
      fastq: 1.18.0

  "@parcel/watcher-android-arm64@2.5.1":
    optional: true

  "@parcel/watcher-darwin-arm64@2.5.1":
    optional: true

  "@parcel/watcher-darwin-x64@2.5.1":
    optional: true

  "@parcel/watcher-freebsd-x64@2.5.1":
    optional: true

  "@parcel/watcher-linux-arm-glibc@2.5.1":
    optional: true

  "@parcel/watcher-linux-arm-musl@2.5.1":
    optional: true

  "@parcel/watcher-linux-arm64-glibc@2.5.1":
    optional: true

  "@parcel/watcher-linux-arm64-musl@2.5.1":
    optional: true

  "@parcel/watcher-linux-x64-glibc@2.5.1":
    optional: true

  "@parcel/watcher-linux-x64-musl@2.5.1":
    optional: true

  "@parcel/watcher-win32-arm64@2.5.1":
    optional: true

  "@parcel/watcher-win32-ia32@2.5.1":
    optional: true

  "@parcel/watcher-win32-x64@2.5.1":
    optional: true

  "@parcel/watcher@2.5.1":
    dependencies:
      detect-libc: 1.0.3
      is-glob: 4.0.3
      micromatch: 4.0.8
      node-addon-api: 7.1.1
    optionalDependencies:
      "@parcel/watcher-android-arm64": 2.5.1
      "@parcel/watcher-darwin-arm64": 2.5.1
      "@parcel/watcher-darwin-x64": 2.5.1
      "@parcel/watcher-freebsd-x64": 2.5.1
      "@parcel/watcher-linux-arm-glibc": 2.5.1
      "@parcel/watcher-linux-arm-musl": 2.5.1
      "@parcel/watcher-linux-arm64-glibc": 2.5.1
      "@parcel/watcher-linux-arm64-musl": 2.5.1
      "@parcel/watcher-linux-x64-glibc": 2.5.1
      "@parcel/watcher-linux-x64-musl": 2.5.1
      "@parcel/watcher-win32-arm64": 2.5.1
      "@parcel/watcher-win32-ia32": 2.5.1
      "@parcel/watcher-win32-x64": 2.5.1
    optional: true

  "@sindresorhus/merge-streams@2.3.0": {}

  "@types/node@22.13.10":
    dependencies:
      undici-types: 6.20.0

  ansi-regex@5.0.1: {}

  ansi-regex@6.1.0: {}

  ansi-styles@4.3.0:
    dependencies:
      color-convert: 2.0.1

  ansi-styles@6.2.1: {}

  balanced-match@1.0.2: {}

  brace-expansion@2.0.1:
    dependencies:
      balanced-match: 1.0.2

  braces@3.0.3:
    dependencies:
      fill-range: 7.1.1

  buffer-builder@0.2.0: {}

  chalk@5.4.1: {}

  chokidar@4.0.3:
    dependencies:
      readdirp: 4.1.1

  cli-cursor@5.0.0:
    dependencies:
      restore-cursor: 5.1.0

  cli-spinners@2.9.2: {}

  color-convert@2.0.1:
    dependencies:
      color-name: 1.1.4

  color-name@1.1.4: {}

  colorjs.io@0.5.2: {}

  commander@12.1.0: {}

  commander@13.1.0: {}

  cross-spawn@7.0.6:
    dependencies:
      path-key: 3.1.1
      shebang-command: 2.0.0
      which: 2.0.2

  cssesc@3.0.0: {}

  debug@4.4.1:
    dependencies:
      ms: 2.1.3

  detect-libc@1.0.3:
    optional: true

  detect-libc@2.0.3: {}

  eastasianwidth@0.2.0: {}

  emoji-regex@10.4.0: {}

  emoji-regex@8.0.0: {}

  emoji-regex@9.2.2: {}

  fast-glob@3.3.3:
    dependencies:
      "@nodelib/fs.stat": 2.0.5
      "@nodelib/fs.walk": 1.2.8
      glob-parent: 5.1.2
      merge2: 1.4.1
      micromatch: 4.0.8

  fastq@1.18.0:
    dependencies:
      reusify: 1.0.4

  fill-range@7.1.1:
    dependencies:
      to-regex-range: 5.0.1

  foreground-child@3.3.0:
    dependencies:
      cross-spawn: 7.0.6
      signal-exit: 4.1.0

  get-east-asian-width@1.3.0: {}

  glob-parent@5.1.2:
    dependencies:
      is-glob: 4.0.3

  glob@11.0.1:
    dependencies:
      foreground-child: 3.3.0
      jackspeak: 4.0.2
      minimatch: 10.0.1
      minipass: 7.1.2
      package-json-from-dist: 1.0.1
      path-scurry: 2.0.0

  globby@14.1.0:
    dependencies:
      "@sindresorhus/merge-streams": 2.3.0
      fast-glob: 3.3.3
      ignore: 7.0.3
      path-type: 6.0.0
      slash: 5.1.0
      unicorn-magic: 0.3.0

  has-flag@4.0.0: {}

  ignore@7.0.3: {}

  immutable@5.0.3: {}

  is-extglob@2.1.1: {}

  is-fullwidth-code-point@3.0.0: {}

  is-glob@4.0.3:
    dependencies:
      is-extglob: 2.1.1

  is-interactive@2.0.0: {}

  is-number@7.0.0: {}

  is-unicode-supported@1.3.0: {}

  is-unicode-supported@2.1.0: {}

  isexe@2.0.0: {}

  jackspeak@4.0.2:
    dependencies:
      "@isaacs/cliui": 8.0.2

  js-tokens@4.0.0: {}

  jsesc@3.1.0: {}

  lightningcss-darwin-arm64@1.29.3:
    optional: true

  lightningcss-darwin-x64@1.29.3:
    optional: true

  lightningcss-freebsd-x64@1.29.3:
    optional: true

  lightningcss-linux-arm-gnueabihf@1.29.3:
    optional: true

  lightningcss-linux-arm64-gnu@1.29.3:
    optional: true

  lightningcss-linux-arm64-musl@1.29.3:
    optional: true

  lightningcss-linux-x64-gnu@1.29.3:
    optional: true

  lightningcss-linux-x64-musl@1.29.3:
    optional: true

  lightningcss-win32-arm64-msvc@1.29.3:
    optional: true

  lightningcss-win32-x64-msvc@1.29.3:
    optional: true

  lightningcss@1.29.3:
    dependencies:
      detect-libc: 2.0.3
    optionalDependencies:
      lightningcss-darwin-arm64: 1.29.3
      lightningcss-darwin-x64: 1.29.3
      lightningcss-freebsd-x64: 1.29.3
      lightningcss-linux-arm-gnueabihf: 1.29.3
      lightningcss-linux-arm64-gnu: 1.29.3
      lightningcss-linux-arm64-musl: 1.29.3
      lightningcss-linux-x64-gnu: 1.29.3
      lightningcss-linux-x64-musl: 1.29.3
      lightningcss-win32-arm64-msvc: 1.29.3
      lightningcss-win32-x64-msvc: 1.29.3

  log-symbols@6.0.0:
    dependencies:
      chalk: 5.4.1
      is-unicode-supported: 1.3.0

  lru-cache@11.0.2: {}

  merge2@1.4.1: {}

  micromatch@4.0.8:
    dependencies:
      braces: 3.0.3
      picomatch: 2.3.1

  mimic-function@5.0.1: {}

  minimatch@10.0.1:
    dependencies:
      brace-expansion: 2.0.1

  minipass@7.1.2: {}

  ms@2.1.3: {}

  nanoid@3.3.8: {}

  node-addon-api@7.1.1:
    optional: true

  onetime@7.0.0:
    dependencies:
      mimic-function: 5.0.1

  ora@8.2.0:
    dependencies:
      chalk: 5.4.1
      cli-cursor: 5.0.0
      cli-spinners: 2.9.2
      is-interactive: 2.0.0
      is-unicode-supported: 2.1.0
      log-symbols: 6.0.0
      stdin-discarder: 0.2.2
      string-width: 7.2.0
      strip-ansi: 7.1.0

  package-json-from-dist@1.0.1: {}

  path-key@3.1.1: {}

  path-scurry@2.0.0:
    dependencies:
      lru-cache: 11.0.2
      minipass: 7.1.2

  path-type@6.0.0: {}

  picocolors@1.1.1: {}

  picomatch@2.3.1: {}

  postcss-selector-parser@6.1.2:
    dependencies:
      cssesc: 3.0.0
      util-deprecate: 1.0.2

  postcss@8.5.1:
    dependencies:
      nanoid: 3.3.8
      picocolors: 1.1.1
      source-map-js: 1.2.1

  prettier@3.6.2: {}

  purgecss@7.0.2:
    dependencies:
      commander: 12.1.0
      glob: 11.0.1
      postcss: 8.5.1
      postcss-selector-parser: 6.1.2

  queue-microtask@1.2.3: {}

  readdirp@4.1.1: {}

  restore-cursor@5.1.0:
    dependencies:
      onetime: 7.0.0
      signal-exit: 4.1.0

  reusify@1.0.4: {}

  run-parallel@1.2.0:
    dependencies:
      queue-microtask: 1.2.3

  rxjs@7.8.2:
    dependencies:
      tslib: 2.8.1

  sass-embedded-android-arm64@1.85.1:
    optional: true

  sass-embedded-android-arm@1.85.1:
    optional: true

  sass-embedded-android-ia32@1.85.1:
    optional: true

  sass-embedded-android-riscv64@1.85.1:
    optional: true

  sass-embedded-android-x64@1.85.1:
    optional: true

  sass-embedded-darwin-arm64@1.85.1:
    optional: true

  sass-embedded-darwin-x64@1.85.1:
    optional: true

  sass-embedded-linux-arm64@1.85.1:
    optional: true

  sass-embedded-linux-arm@1.85.1:
    optional: true

  sass-embedded-linux-ia32@1.85.1:
    optional: true

  sass-embedded-linux-musl-arm64@1.85.1:
    optional: true

  sass-embedded-linux-musl-arm@1.85.1:
    optional: true

  sass-embedded-linux-musl-ia32@1.85.1:
    optional: true

  sass-embedded-linux-musl-riscv64@1.85.1:
    optional: true

  sass-embedded-linux-musl-x64@1.85.1:
    optional: true

  sass-embedded-linux-riscv64@1.85.1:
    optional: true

  sass-embedded-linux-x64@1.85.1:
    optional: true

  sass-embedded-win32-arm64@1.85.1:
    optional: true

  sass-embedded-win32-ia32@1.85.1:
    optional: true

  sass-embedded-win32-x64@1.85.1:
    optional: true

  sass-embedded@1.85.1:
    dependencies:
      "@bufbuild/protobuf": 2.2.3
      buffer-builder: 0.2.0
      colorjs.io: 0.5.2
      immutable: 5.0.3
      rxjs: 7.8.2
      supports-color: 8.1.1
      sync-child-process: 1.0.2
      varint: 6.0.0
    optionalDependencies:
      sass-embedded-android-arm: 1.85.1
      sass-embedded-android-arm64: 1.85.1
      sass-embedded-android-ia32: 1.85.1
      sass-embedded-android-riscv64: 1.85.1
      sass-embedded-android-x64: 1.85.1
      sass-embedded-darwin-arm64: 1.85.1
      sass-embedded-darwin-x64: 1.85.1
      sass-embedded-linux-arm: 1.85.1
      sass-embedded-linux-arm64: 1.85.1
      sass-embedded-linux-ia32: 1.85.1
      sass-embedded-linux-musl-arm: 1.85.1
      sass-embedded-linux-musl-arm64: 1.85.1
      sass-embedded-linux-musl-ia32: 1.85.1
      sass-embedded-linux-musl-riscv64: 1.85.1
      sass-embedded-linux-musl-x64: 1.85.1
      sass-embedded-linux-riscv64: 1.85.1
      sass-embedded-linux-x64: 1.85.1
      sass-embedded-win32-arm64: 1.85.1
      sass-embedded-win32-ia32: 1.85.1
      sass-embedded-win32-x64: 1.85.1

  sass@1.85.1:
    dependencies:
      chokidar: 4.0.3
      immutable: 5.0.3
      source-map-js: 1.2.1
    optionalDependencies:
      "@parcel/watcher": 2.5.1

  semver@7.7.2: {}

  shebang-command@2.0.0:
    dependencies:
      shebang-regex: 3.0.0

  shebang-regex@3.0.0: {}

  signal-exit@4.1.0: {}

  slash@5.1.0: {}

  source-map-js@1.2.1: {}

  stdin-discarder@0.2.2: {}

  string-width@4.2.3:
    dependencies:
      emoji-regex: 8.0.0
      is-fullwidth-code-point: 3.0.0
      strip-ansi: 6.0.1

  string-width@5.1.2:
    dependencies:
      eastasianwidth: 0.2.0
      emoji-regex: 9.2.2
      strip-ansi: 7.1.0

  string-width@7.2.0:
    dependencies:
      emoji-regex: 10.4.0
      get-east-asian-width: 1.3.0
      strip-ansi: 7.1.0

  strip-ansi@6.0.1:
    dependencies:
      ansi-regex: 5.0.1

  strip-ansi@7.1.0:
    dependencies:
      ansi-regex: 6.1.0

  supports-color@8.1.1:
    dependencies:
      has-flag: 4.0.0

  sync-child-process@1.0.2:
    dependencies:
      sync-message-port: 1.1.3

  sync-message-port@1.1.3: {}

  to-regex-range@5.0.1:
    dependencies:
      is-number: 7.0.0

  tslib@2.8.1: {}

  typescript@5.8.2: {}

  undici-types@6.20.0: {}

  unicorn-magic@0.3.0: {}

  util-deprecate@1.0.2: {}

  varint@6.0.0: {}

  which@2.0.2:
    dependencies:
      isexe: 2.0.0

  wrap-ansi@7.0.0:
    dependencies:
      ansi-styles: 4.3.0
      string-width: 4.2.3
      strip-ansi: 6.0.1

  wrap-ansi@8.1.0:
    dependencies:
      ansi-styles: 6.2.1
      string-width: 5.1.2
      strip-ansi: 7.1.0
